
Microsoft Visual Studio Solution File, Format Version 12.00
# Visual Studio Version 16
VisualStudioVersion = 16.0.31019.35
MinimumVisualStudioVersion = 10.0.40219.1
Project("{FAE04EC0-301F-11D3-BF4B-00C04F79EFBC}") = "VSDemodotnetapp", "VSDemodotnetapp.csproj", "{ECB8A641-2BD4-4DD6-B49C-D6CB537972B4}"
EndProject
Global
	GlobalSection(SolutionConfigurationPlatforms) = preSolution
		Debug|Any CPU = Debug|Any CPU
		Release|Any CPU = Release|Any CPU
	EndGlobalSection
	GlobalSection(ProjectConfigurationPlatforms) = postSolution
		{ECB8A641-2BD4-4DD6-B49C-D6CB537972B4}.Debug|Any CPU.ActiveCfg = Debug|Any CPU
		{ECB8A641-2BD4-4DD6-B49C-D6CB537972B4}.Debug|Any CPU.Build.0 = Debug|Any CPU
		{ECB8A641-2BD4-4DD6-B49C-D6CB537972B4}.Release|Any CPU.ActiveCfg = Release|Any CPU
		{ECB8A641-2BD4-4DD6-B49C-D6CB537972B4}.Release|Any CPU.Build.0 = Release|Any CPU
	EndGlobalSection
	GlobalSection(SolutionProperties) = preSolution
		HideSolutionNode = FALSE
	EndGlobalSection
	GlobalSection(ExtensibilityGlobals) = postSolution
		SolutionGuid = {18E75857-F53B-4663-9528-3E22C3F3F074}
	EndGlobalSection
EndGlobal
